
Microsoft Visual Studio Solution File, Format Version 12.00
# Visual Studio Version 17
VisualStudioVersion = 17.2.32505.173
MinimumVisualStudioVersion = 10.0.40219.1
Project("{FAE04EC0-301F-11D3-BF4B-00C04F79EFBC}") = "webapp", "webapp\webapp.csproj", "{F181ACCC-42E2-4416-BAE3-457BF617A528}"
EndProject
Global
	GlobalSection(SolutionConfigurationPlatforms) = preSolution
		Debug|Any CPU = Debug|Any CPU
		Release|Any CPU = Release|Any CPU
	EndGlobalSection
	GlobalSection(ProjectConfigurationPlatforms) = postSolution
		{F181ACCC-42E2-4416-BAE3-457BF617A528}.Debug|Any CPU.ActiveCfg = Debug|Any CPU
		{F181ACCC-42E2-4416-BAE3-457BF617A528}.Debug|Any CPU.Build.0 = Debug|Any CPU
		{F181ACCC-42E2-4416-BAE3-457BF617A528}.Release|Any CPU.ActiveCfg = Release|Any CPU
		{F181ACCC-42E2-4416-BAE3-457BF617A528}.Release|Any CPU.Build.0 = Release|Any CPU
	EndGlobalSection
	GlobalSection(SolutionProperties) = preSolution
		HideSolutionNode = FALSE
	EndGlobalSection
	GlobalSection(ExtensibilityGlobals) = postSolution
		SolutionGuid = {89635ECB-0A06-4C07-8C81-23BB92C470D1}
	EndGlobalSection
EndGlobal
